
Microsoft Visual Studio Solution File, Format Version 12.00
# Visual Studio Version 17
VisualStudioVersion = 17.0.31903.59
MinimumVisualStudioVersion = 10.0.40219.1
Project("{FAE04EC0-301F-11D3-BF4B-00C04F79EFBC}") = "ReleaseBasicSourceGenerators", "ReleaseBasicSourceGenerators.csproj", "{B406B043-CCE3-4971-9B9F-608D60307CDE}"
EndProject
Global
	GlobalSection(SolutionConfigurationPlatforms) = preSolution
		Debug|Any CPU = Debug|Any CPU
		Release|Any CPU = Release|Any CPU
	EndGlobalSection
	GlobalSection(ProjectConfigurationPlatforms) = postSolution
		{B406B043-CCE3-4971-9B9F-608D60307CDE}.Debug|Any CPU.ActiveCfg = Debug|Any CPU
		{B406B043-CCE3-4971-9B9F-608D60307CDE}.Debug|Any CPU.Build.0 = Debug|Any CPU
		{B406B043-CCE3-4971-9B9F-608D60307CDE}.Release|Any CPU.ActiveCfg = Release|Any CPU
		{B406B043-CCE3-4971-9B9F-608D60307CDE}.Release|Any CPU.Build.0 = Release|Any CPU
	EndGlobalSection
	GlobalSection(SolutionProperties) = preSolution
		HideSolutionNode = FALSE
	EndGlobalSection
	GlobalSection(ExtensibilityGlobals) = postSolution
		SolutionGuid = {44F48F45-C86C-4EAE-8D27-C576BA4B872F}
	EndGlobalSection
EndGlobal
